
Microsoft Visual Studio Solution File, Format Version 12.00
# Visual Studio Version 17
VisualStudioVersion = 17.0.31903.59
MinimumVisualStudioVersion = 10.0.40219.1
Project("{9A19103F-16F7-4668-BE54-9A1E7A4F7556}") = "BRI", "BRI\BRI.csproj", "{429FAC7C-890C-4DE5-8124-DD7755A6D151}"
EndProject
Project("{9A19103F-16F7-4668-BE54-9A1E7A4F7556}") = "BRI.Tests", "BRI.Tests\BRI.Tests.csproj", "{2483AD23-45B2-4D3A-AECE-B07B36E9688C}"
EndProject
Global
	GlobalSection(SolutionConfigurationPlatforms) = preSolution
		Debug|Any CPU = Debug|Any CPU
		Release|Any CPU = Release|Any CPU
	EndGlobalSection
	GlobalSection(ProjectConfigurationPlatforms) = postSolution
		{429FAC7C-890C-4DE5-8124-DD7755A6D151}.Debug|Any CPU.ActiveCfg = Debug|Any CPU
		{429FAC7C-890C-4DE5-8124-DD7755A6D151}.Debug|Any CPU.Build.0 = Debug|Any CPU
		{429FAC7C-890C-4DE5-8124-DD7755A6D151}.Release|Any CPU.ActiveCfg = Release|Any CPU
		{429FAC7C-890C-4DE5-8124-DD7755A6D151}.Release|Any CPU.Build.0 = Release|Any CPU
		{2483AD23-45B2-4D3A-AECE-B07B36E9688C}.Debug|Any CPU.ActiveCfg = Debug|Any CPU
		{2483AD23-45B2-4D3A-AECE-B07B36E9688C}.Debug|Any CPU.Build.0 = Debug|Any CPU
		{2483AD23-45B2-4D3A-AECE-B07B36E9688C}.Release|Any CPU.ActiveCfg = Release|Any CPU
		{2483AD23-45B2-4D3A-AECE-B07B36E9688C}.Release|Any CPU.Build.0 = Release|Any CPU
	EndGlobalSection
	GlobalSection(SolutionProperties) = preSolution
		HideSolutionNode = FALSE
	EndGlobalSection
	GlobalSection(ExtensibilityGlobals) = postSolution
		SolutionGuid = {692BDC9A-37E2-4E22-BFFD-D9EB68D6DE2C}
	EndGlobalSection
EndGlobal
